
Microsoft Visual Studio Solution File, Format Version 12.00
# Visual Studio Version 17
VisualStudioVersion = 17.12.35707.178 d17.12
MinimumVisualStudioVersion = 10.0.40219.1
Project("{FAE04EC0-301F-11D3-BF4B-00C04F79EFBC}") = "DAL003", "DAL003\DAL003.csproj", "{DA93521C-D46E-427D-91BD-E3490D3644AD}"
EndProject
Project("{FAE04EC0-301F-11D3-BF4B-00C04F79EFBC}") = "Test_DAL003", "Test_DAL003\Test_DAL003.csproj", "{1194EC8F-D8FF-4A1B-ABC4-4F86BDA5A4BC}"
EndProject
Project("{FAE04EC0-301F-11D3-BF4B-00C04F79EFBC}") = "ASPA003", "ASPA003\ASPA003.csproj", "{B3F6225D-80CA-4773-8B21-2F58BE35EA13}"
EndProject
Global
	GlobalSection(SolutionConfigurationPlatforms) = preSolution
		Debug|Any CPU = Debug|Any CPU
		Release|Any CPU = Release|Any CPU
	EndGlobalSection
	GlobalSection(ProjectConfigurationPlatforms) = postSolution
		{DA93521C-D46E-427D-91BD-E3490D3644AD}.Debug|Any CPU.ActiveCfg = Debug|Any CPU
		{DA93521C-D46E-427D-91BD-E3490D3644AD}.Debug|Any CPU.Build.0 = Debug|Any CPU
		{DA93521C-D46E-427D-91BD-E3490D3644AD}.Release|Any CPU.ActiveCfg = Release|Any CPU
		{DA93521C-D46E-427D-91BD-E3490D3644AD}.Release|Any CPU.Build.0 = Release|Any CPU
		{1194EC8F-D8FF-4A1B-ABC4-4F86BDA5A4BC}.Debug|Any CPU.ActiveCfg = Debug|Any CPU
		{1194EC8F-D8FF-4A1B-ABC4-4F86BDA5A4BC}.Debug|Any CPU.Build.0 = Debug|Any CPU
		{1194EC8F-D8FF-4A1B-ABC4-4F86BDA5A4BC}.Release|Any CPU.ActiveCfg = Release|Any CPU
		{1194EC8F-D8FF-4A1B-ABC4-4F86BDA5A4BC}.Release|Any CPU.Build.0 = Release|Any CPU
		{B3F6225D-80CA-4773-8B21-2F58BE35EA13}.Debug|Any CPU.ActiveCfg = Debug|Any CPU
		{B3F6225D-80CA-4773-8B21-2F58BE35EA13}.Debug|Any CPU.Build.0 = Debug|Any CPU
		{B3F6225D-80CA-4773-8B21-2F58BE35EA13}.Release|Any CPU.ActiveCfg = Release|Any CPU
		{B3F6225D-80CA-4773-8B21-2F58BE35EA13}.Release|Any CPU.Build.0 = Release|Any CPU
	EndGlobalSection
	GlobalSection(SolutionProperties) = preSolution
		HideSolutionNode = FALSE
	EndGlobalSection
EndGlobal
